
Microsoft Visual Studio Solution File, Format Version 12.00
# Visual Studio Version 17
VisualStudioVersion = 17.13.35828.75
MinimumVisualStudioVersion = 10.0.40219.1
Project("{FAE04EC0-301F-11D3-BF4B-00C04F79EFBC}") = "WordCounter.Test", "WordCounter.Test\WordCounter.Test.csproj", "{F931EE03-87C2-49E6-BE88-2AB4C5F96203}"
EndProject
Project("{FAE04EC0-301F-11D3-BF4B-00C04F79EFBC}") = "WordCounter", "WordCounter\WordCounter.csproj", "{FB8B2159-87D8-4FDB-A7B9-4EE5B1F8037E}"
EndProject
Global
	GlobalSection(SolutionConfigurationPlatforms) = preSolution
		Debug|Any CPU = Debug|Any CPU
		Release|Any CPU = Release|Any CPU
	EndGlobalSection
	GlobalSection(ProjectConfigurationPlatforms) = postSolution
		{F931EE03-87C2-49E6-BE88-2AB4C5F96203}.Debug|Any CPU.ActiveCfg = Debug|Any CPU
		{F931EE03-87C2-49E6-BE88-2AB4C5F96203}.Debug|Any CPU.Build.0 = Debug|Any CPU
		{F931EE03-87C2-49E6-BE88-2AB4C5F96203}.Release|Any CPU.ActiveCfg = Release|Any CPU
		{F931EE03-87C2-49E6-BE88-2AB4C5F96203}.Release|Any CPU.Build.0 = Release|Any CPU
		{FB8B2159-87D8-4FDB-A7B9-4EE5B1F8037E}.Debug|Any CPU.ActiveCfg = Debug|Any CPU
		{FB8B2159-87D8-4FDB-A7B9-4EE5B1F8037E}.Debug|Any CPU.Build.0 = Debug|Any CPU
		{FB8B2159-87D8-4FDB-A7B9-4EE5B1F8037E}.Release|Any CPU.ActiveCfg = Release|Any CPU
		{FB8B2159-87D8-4FDB-A7B9-4EE5B1F8037E}.Release|Any CPU.Build.0 = Release|Any CPU
	EndGlobalSection
	GlobalSection(SolutionProperties) = preSolution
		HideSolutionNode = FALSE
	EndGlobalSection
	GlobalSection(ExtensibilityGlobals) = postSolution
		SolutionGuid = {BF704258-4849-45DA-ADA0-EFFF0D846741}
	EndGlobalSection
EndGlobal
